
Microsoft Visual Studio Solution File, Format Version 12.00
# Visual Studio 2012
Project("{FAE04EC0-301F-11D3-BF4B-00C04F79EFBC}") = "APIGateway", "APIGateway\APIGateway.csproj", "{35D6CC1A-736F-4EAB-B01F-BCD447485897}"
EndProject
Project("{FAE04EC0-301F-11D3-BF4B-00C04F79EFBC}") = "APIServices", "APIServices\APIServices.csproj", "{2582111C-B585-4E6C-B5A8-BCA920D1A244}"
EndProject
Global
	GlobalSection(SolutionConfigurationPlatforms) = preSolution
		Debug|Any CPU = Debug|Any CPU
		Release|Any CPU = Release|Any CPU
	EndGlobalSection
	GlobalSection(ProjectConfigurationPlatforms) = postSolution
		{35D6CC1A-736F-4EAB-B01F-BCD447485897}.Debug|Any CPU.ActiveCfg = Debug|Any CPU
		{35D6CC1A-736F-4EAB-B01F-BCD447485897}.Debug|Any CPU.Build.0 = Debug|Any CPU
		{35D6CC1A-736F-4EAB-B01F-BCD447485897}.Release|Any CPU.ActiveCfg = Release|Any CPU
		{35D6CC1A-736F-4EAB-B01F-BCD447485897}.Release|Any CPU.Build.0 = Release|Any CPU
		{2582111C-B585-4E6C-B5A8-BCA920D1A244}.Debug|Any CPU.ActiveCfg = Debug|Any CPU
		{2582111C-B585-4E6C-B5A8-BCA920D1A244}.Debug|Any CPU.Build.0 = Debug|Any CPU
		{2582111C-B585-4E6C-B5A8-BCA920D1A244}.Release|Any CPU.ActiveCfg = Release|Any CPU
		{2582111C-B585-4E6C-B5A8-BCA920D1A244}.Release|Any CPU.Build.0 = Release|Any CPU
	EndGlobalSection
EndGlobal
