
Microsoft Visual Studio Solution File, Format Version 12.00
# Visual Studio 15
VisualStudioVersion = 15.0.27004.2010
MinimumVisualStudioVersion = 10.0.40219.1
Project("{FAE04EC0-301F-11D3-BF4B-00C04F79EFBC}") = "APIGateway", "APIGateway\APIGateway.csproj", "{270D5488-090D-413F-BE36-ED5D08D8CE09}"
EndProject
Project("{FAE04EC0-301F-11D3-BF4B-00C04F79EFBC}") = "APIServicesA", "APIServicesA\APIServicesA.csproj", "{B7FE6840-DFD8-4F27-80E7-AACF8ABE3DC0}"
EndProject
Project("{FAE04EC0-301F-11D3-BF4B-00C04F79EFBC}") = "APIServicesB", "APIServicesB\APIServicesB.csproj", "{DDF298DC-E643-4A74-A423-6C1E45975F1C}"
EndProject
Global
	GlobalSection(SolutionConfigurationPlatforms) = preSolution
		Debug|Any CPU = Debug|Any CPU
		Release|Any CPU = Release|Any CPU
	EndGlobalSection
	GlobalSection(ProjectConfigurationPlatforms) = postSolution
		{270D5488-090D-413F-BE36-ED5D08D8CE09}.Debug|Any CPU.ActiveCfg = Debug|Any CPU
		{270D5488-090D-413F-BE36-ED5D08D8CE09}.Debug|Any CPU.Build.0 = Debug|Any CPU
		{270D5488-090D-413F-BE36-ED5D08D8CE09}.Release|Any CPU.ActiveCfg = Release|Any CPU
		{270D5488-090D-413F-BE36-ED5D08D8CE09}.Release|Any CPU.Build.0 = Release|Any CPU
		{B7FE6840-DFD8-4F27-80E7-AACF8ABE3DC0}.Debug|Any CPU.ActiveCfg = Debug|Any CPU
		{B7FE6840-DFD8-4F27-80E7-AACF8ABE3DC0}.Debug|Any CPU.Build.0 = Debug|Any CPU
		{B7FE6840-DFD8-4F27-80E7-AACF8ABE3DC0}.Release|Any CPU.ActiveCfg = Release|Any CPU
		{B7FE6840-DFD8-4F27-80E7-AACF8ABE3DC0}.Release|Any CPU.Build.0 = Release|Any CPU
		{DDF298DC-E643-4A74-A423-6C1E45975F1C}.Debug|Any CPU.ActiveCfg = Debug|Any CPU
		{DDF298DC-E643-4A74-A423-6C1E45975F1C}.Debug|Any CPU.Build.0 = Debug|Any CPU
		{DDF298DC-E643-4A74-A423-6C1E45975F1C}.Release|Any CPU.ActiveCfg = Release|Any CPU
		{DDF298DC-E643-4A74-A423-6C1E45975F1C}.Release|Any CPU.Build.0 = Release|Any CPU
	EndGlobalSection
	GlobalSection(SolutionProperties) = preSolution
		HideSolutionNode = FALSE
	EndGlobalSection
	GlobalSection(ExtensibilityGlobals) = postSolution
		SolutionGuid = {A4F42644-D228-4AE3-95A7-C125DD9A0E0E}
	EndGlobalSection
EndGlobal
