
Microsoft Visual Studio Solution File, Format Version 12.00
# Visual Studio 2012
Project("{FAE04EC0-301F-11D3-BF4B-00C04F79EFBC}") = "APIGateway", "APIGateway\APIGateway.csproj", "{754B092D-A9F7-427F-88B6-B14403CF8E08}"
EndProject
Project("{FAE04EC0-301F-11D3-BF4B-00C04F79EFBC}") = "CustomerServices", "CustomerServices\CustomerServices.csproj", "{7A16CF10-BF99-4E6A-8353-601E6EF5FDA2}"
EndProject
Global
	GlobalSection(SolutionConfigurationPlatforms) = preSolution
		Debug|Any CPU = Debug|Any CPU
		Release|Any CPU = Release|Any CPU
	EndGlobalSection
	GlobalSection(ProjectConfigurationPlatforms) = postSolution
		{754B092D-A9F7-427F-88B6-B14403CF8E08}.Debug|Any CPU.ActiveCfg = Debug|Any CPU
		{754B092D-A9F7-427F-88B6-B14403CF8E08}.Debug|Any CPU.Build.0 = Debug|Any CPU
		{754B092D-A9F7-427F-88B6-B14403CF8E08}.Release|Any CPU.ActiveCfg = Release|Any CPU
		{754B092D-A9F7-427F-88B6-B14403CF8E08}.Release|Any CPU.Build.0 = Release|Any CPU
		{7A16CF10-BF99-4E6A-8353-601E6EF5FDA2}.Debug|Any CPU.ActiveCfg = Debug|Any CPU
		{7A16CF10-BF99-4E6A-8353-601E6EF5FDA2}.Debug|Any CPU.Build.0 = Debug|Any CPU
		{7A16CF10-BF99-4E6A-8353-601E6EF5FDA2}.Release|Any CPU.ActiveCfg = Release|Any CPU
		{7A16CF10-BF99-4E6A-8353-601E6EF5FDA2}.Release|Any CPU.Build.0 = Release|Any CPU
	EndGlobalSection
EndGlobal
