
Microsoft Visual Studio Solution File, Format Version 12.00
# Visual Studio 2012
Project("{FAE04EC0-301F-11D3-BF4B-00C04F79EFBC}") = "APIGateway", "APIGateway\APIGateway.csproj", "{39F9E150-1333-45F0-911A-ED5C3C033642}"
EndProject
Project("{FAE04EC0-301F-11D3-BF4B-00C04F79EFBC}") = "APIServiceA", "APIServiceA\APIServiceA.csproj", "{938D4245-8638-4F78-AE1B-4F3C72C0F2F1}"
EndProject
Project("{FAE04EC0-301F-11D3-BF4B-00C04F79EFBC}") = "APIServiceB", "APIServiceB\APIServiceB.csproj", "{F0584A4D-4589-4756-A12D-4B428CAD9B9B}"
EndProject
Global
	GlobalSection(SolutionConfigurationPlatforms) = preSolution
		Debug|Any CPU = Debug|Any CPU
		Release|Any CPU = Release|Any CPU
	EndGlobalSection
	GlobalSection(ProjectConfigurationPlatforms) = postSolution
		{39F9E150-1333-45F0-911A-ED5C3C033642}.Debug|Any CPU.ActiveCfg = Debug|Any CPU
		{39F9E150-1333-45F0-911A-ED5C3C033642}.Debug|Any CPU.Build.0 = Debug|Any CPU
		{39F9E150-1333-45F0-911A-ED5C3C033642}.Release|Any CPU.ActiveCfg = Release|Any CPU
		{39F9E150-1333-45F0-911A-ED5C3C033642}.Release|Any CPU.Build.0 = Release|Any CPU
		{938D4245-8638-4F78-AE1B-4F3C72C0F2F1}.Debug|Any CPU.ActiveCfg = Debug|Any CPU
		{938D4245-8638-4F78-AE1B-4F3C72C0F2F1}.Debug|Any CPU.Build.0 = Debug|Any CPU
		{938D4245-8638-4F78-AE1B-4F3C72C0F2F1}.Release|Any CPU.ActiveCfg = Release|Any CPU
		{938D4245-8638-4F78-AE1B-4F3C72C0F2F1}.Release|Any CPU.Build.0 = Release|Any CPU
		{F0584A4D-4589-4756-A12D-4B428CAD9B9B}.Debug|Any CPU.ActiveCfg = Debug|Any CPU
		{F0584A4D-4589-4756-A12D-4B428CAD9B9B}.Debug|Any CPU.Build.0 = Debug|Any CPU
		{F0584A4D-4589-4756-A12D-4B428CAD9B9B}.Release|Any CPU.ActiveCfg = Release|Any CPU
		{F0584A4D-4589-4756-A12D-4B428CAD9B9B}.Release|Any CPU.Build.0 = Release|Any CPU
	EndGlobalSection
EndGlobal
